
Microsoft Visual Studio Solution File, Format Version 12.00
# Visual Studio Version 16
VisualStudioVersion = 16.0.29806.167
MinimumVisualStudioVersion = 10.0.40219.1
Project("{FAE04EC0-301F-11D3-BF4B-00C04F79EFBC}") = "Meihana.Android", "Meihana\Meihana.Android\Meihana.Android.csproj", "{964896BE-BE0A-42A4-BD5A-659156451D4D}"
EndProject
Project("{FAE04EC0-301F-11D3-BF4B-00C04F79EFBC}") = "Meihana.iOS", "Meihana\Meihana.iOS\Meihana.iOS.csproj", "{AC08C339-429D-4502-AC0B-C68A7CF5F3C1}"
EndProject
Project("{FAE04EC0-301F-11D3-BF4B-00C04F79EFBC}") = "Meihana", "Meihana\Meihana\Meihana.csproj", "{0B6A8424-E02A-42C1-847A-9FB236B37BE5}"
EndProject
Global
	GlobalSection(SolutionConfigurationPlatforms) = preSolution
		Debug|Any CPU = Debug|Any CPU
		Debug|iPhone = Debug|iPhone
		Debug|iPhoneSimulator = Debug|iPhoneSimulator
		Release|Any CPU = Release|Any CPU
		Release|iPhone = Release|iPhone
		Release|iPhoneSimulator = Release|iPhoneSimulator
	EndGlobalSection
	GlobalSection(ProjectConfigurationPlatforms) = postSolution
		{964896BE-BE0A-42A4-BD5A-659156451D4D}.Debug|Any CPU.ActiveCfg = Debug|Any CPU
		{964896BE-BE0A-42A4-BD5A-659156451D4D}.Debug|Any CPU.Build.0 = Debug|Any CPU
		{964896BE-BE0A-42A4-BD5A-659156451D4D}.Debug|Any CPU.Deploy.0 = Debug|Any CPU
		{964896BE-BE0A-42A4-BD5A-659156451D4D}.Debug|iPhone.ActiveCfg = Debug|Any CPU
		{964896BE-BE0A-42A4-BD5A-659156451D4D}.Debug|iPhone.Build.0 = Debug|Any CPU
		{964896BE-BE0A-42A4-BD5A-659156451D4D}.Debug|iPhone.Deploy.0 = Debug|Any CPU
		{964896BE-BE0A-42A4-BD5A-659156451D4D}.Debug|iPhoneSimulator.ActiveCfg = Debug|Any CPU
		{964896BE-BE0A-42A4-BD5A-659156451D4D}.Debug|iPhoneSimulator.Build.0 = Debug|Any CPU
		{964896BE-BE0A-42A4-BD5A-659156451D4D}.Debug|iPhoneSimulator.Deploy.0 = Debug|Any CPU
		{964896BE-BE0A-42A4-BD5A-659156451D4D}.Release|Any CPU.ActiveCfg = Release|Any CPU
		{964896BE-BE0A-42A4-BD5A-659156451D4D}.Release|Any CPU.Build.0 = Release|Any CPU
		{964896BE-BE0A-42A4-BD5A-659156451D4D}.Release|Any CPU.Deploy.0 = Release|Any CPU
		{964896BE-BE0A-42A4-BD5A-659156451D4D}.Release|iPhone.ActiveCfg = Release|Any CPU
		{964896BE-BE0A-42A4-BD5A-659156451D4D}.Release|iPhone.Build.0 = Release|Any CPU
		{964896BE-BE0A-42A4-BD5A-659156451D4D}.Release|iPhone.Deploy.0 = Release|Any CPU
		{964896BE-BE0A-42A4-BD5A-659156451D4D}.Release|iPhoneSimulator.ActiveCfg = Release|Any CPU
		{964896BE-BE0A-42A4-BD5A-659156451D4D}.Release|iPhoneSimulator.Build.0 = Release|Any CPU
		{964896BE-BE0A-42A4-BD5A-659156451D4D}.Release|iPhoneSimulator.Deploy.0 = Release|Any CPU
		{AC08C339-429D-4502-AC0B-C68A7CF5F3C1}.Debug|Any CPU.ActiveCfg = Debug|iPhoneSimulator
		{AC08C339-429D-4502-AC0B-C68A7CF5F3C1}.Debug|Any CPU.Build.0 = Debug|iPhoneSimulator
		{AC08C339-429D-4502-AC0B-C68A7CF5F3C1}.Debug|Any CPU.Deploy.0 = Debug|iPhoneSimulator
		{AC08C339-429D-4502-AC0B-C68A7CF5F3C1}.Debug|iPhone.ActiveCfg = Debug|iPhone
		{AC08C339-429D-4502-AC0B-C68A7CF5F3C1}.Debug|iPhone.Build.0 = Debug|iPhone
		{AC08C339-429D-4502-AC0B-C68A7CF5F3C1}.Debug|iPhone.Deploy.0 = Debug|iPhone
		{AC08C339-429D-4502-AC0B-C68A7CF5F3C1}.Debug|iPhoneSimulator.ActiveCfg = Debug|iPhoneSimulator
		{AC08C339-429D-4502-AC0B-C68A7CF5F3C1}.Debug|iPhoneSimulator.Build.0 = Debug|iPhoneSimulator
		{AC08C339-429D-4502-AC0B-C68A7CF5F3C1}.Debug|iPhoneSimulator.Deploy.0 = Debug|iPhoneSimulator
		{AC08C339-429D-4502-AC0B-C68A7CF5F3C1}.Release|Any CPU.ActiveCfg = Release|iPhone
		{AC08C339-429D-4502-AC0B-C68A7CF5F3C1}.Release|Any CPU.Build.0 = Release|iPhone
		{AC08C339-429D-4502-AC0B-C68A7CF5F3C1}.Release|Any CPU.Deploy.0 = Release|iPhone
		{AC08C339-429D-4502-AC0B-C68A7CF5F3C1}.Release|iPhone.ActiveCfg = Release|iPhone
		{AC08C339-429D-4502-AC0B-C68A7CF5F3C1}.Release|iPhone.Build.0 = Release|iPhone
		{AC08C339-429D-4502-AC0B-C68A7CF5F3C1}.Release|iPhone.Deploy.0 = Release|iPhone
		{AC08C339-429D-4502-AC0B-C68A7CF5F3C1}.Release|iPhoneSimulator.ActiveCfg = Release|iPhoneSimulator
		{AC08C339-429D-4502-AC0B-C68A7CF5F3C1}.Release|iPhoneSimulator.Build.0 = Release|iPhoneSimulator
		{AC08C339-429D-4502-AC0B-C68A7CF5F3C1}.Release|iPhoneSimulator.Deploy.0 = Release|iPhoneSimulator
		{0B6A8424-E02A-42C1-847A-9FB236B37BE5}.Debug|Any CPU.ActiveCfg = Debug|Any CPU
		{0B6A8424-E02A-42C1-847A-9FB236B37BE5}.Debug|Any CPU.Build.0 = Debug|Any CPU
		{0B6A8424-E02A-42C1-847A-9FB236B37BE5}.Debug|Any CPU.Deploy.0 = Debug|Any CPU
		{0B6A8424-E02A-42C1-847A-9FB236B37BE5}.Debug|iPhone.ActiveCfg = Debug|Any CPU
		{0B6A8424-E02A-42C1-847A-9FB236B37BE5}.Debug|iPhone.Build.0 = Debug|Any CPU
		{0B6A8424-E02A-42C1-847A-9FB236B37BE5}.Debug|iPhone.Deploy.0 = Debug|Any CPU
		{0B6A8424-E02A-42C1-847A-9FB236B37BE5}.Debug|iPhoneSimulator.ActiveCfg = Debug|Any CPU
		{0B6A8424-E02A-42C1-847A-9FB236B37BE5}.Debug|iPhoneSimulator.Build.0 = Debug|Any CPU
		{0B6A8424-E02A-42C1-847A-9FB236B37BE5}.Debug|iPhoneSimulator.Deploy.0 = Debug|Any CPU
		{0B6A8424-E02A-42C1-847A-9FB236B37BE5}.Release|Any CPU.ActiveCfg = Release|Any CPU
		{0B6A8424-E02A-42C1-847A-9FB236B37BE5}.Release|Any CPU.Build.0 = Release|Any CPU
		{0B6A8424-E02A-42C1-847A-9FB236B37BE5}.Release|Any CPU.Deploy.0 = Release|Any CPU
		{0B6A8424-E02A-42C1-847A-9FB236B37BE5}.Release|iPhone.ActiveCfg = Release|Any CPU
		{0B6A8424-E02A-42C1-847A-9FB236B37BE5}.Release|iPhone.Build.0 = Release|Any CPU
		{0B6A8424-E02A-42C1-847A-9FB236B37BE5}.Release|iPhone.Deploy.0 = Release|Any CPU
		{0B6A8424-E02A-42C1-847A-9FB236B37BE5}.Release|iPhoneSimulator.ActiveCfg = Release|Any CPU
		{0B6A8424-E02A-42C1-847A-9FB236B37BE5}.Release|iPhoneSimulator.Build.0 = Release|Any CPU
		{0B6A8424-E02A-42C1-847A-9FB236B37BE5}.Release|iPhoneSimulator.Deploy.0 = Release|Any CPU
	EndGlobalSection
	GlobalSection(SolutionProperties) = preSolution
		HideSolutionNode = FALSE
	EndGlobalSection
	GlobalSection(ExtensibilityGlobals) = postSolution
		SolutionGuid = {EC9AEFF8-7C70-4216-A504-651A8F916FB8}
	EndGlobalSection
EndGlobal
